schema: '2.0'
stages:
  data_split:
    cmd: python src/stages/data_split.py --config=params.yaml
    deps:
    - path: data/raw
      md5: 6920135c1a76a56a030a224fb82afb28.dir
      size: 466888
      nfiles: 2
    - path: src/stages/data_split.py
      md5: aa8ad6b7934b99ce2ba16b8cf31db280
      size: 1441
    params:
      params.yaml:
        base:
          project: bank_customer_churn
          raw_data_dir: data/raw
          countries:
          - France
          - Spain
          feat_cols:
          - CreditScore
          - Age
          - Tenure
          - Balance
          - NumOfProducts
          - HasCrCard
          - IsActiveMember
          - EstimatedSalary
          targ_col: Exited
          random_state: 42
        data_split:
          test_size: 0.25
          processed_data_dir: data/processed
    outs:
    - path: data/processed
      md5: 9f384869826bdf146e6ff572c85d0d1e.dir
      size: 722258
      nfiles: 4
  train:
    cmd: python src/stages/train.py --config=params.yaml
    deps:
    - path: data/processed
      md5: 9f384869826bdf146e6ff572c85d0d1e.dir
      size: 722258
      nfiles: 4
    - path: src/stages/train.py
      md5: f728ff9e909da5889ec8867fdfe1f37d
      size: 2142
    params:
      params.yaml:
        base:
          project: bank_customer_churn
          raw_data_dir: data/raw
          countries:
          - France
          - Spain
          feat_cols:
          - CreditScore
          - Age
          - Tenure
          - Balance
          - NumOfProducts
          - HasCrCard
          - IsActiveMember
          - EstimatedSalary
          targ_col: Exited
          random_state: 42
        train:
          model_type: randomforest
          model_dir: models
          model_path: models/clf-model.joblib
          params:
            n_estimators: 50
            max_depth: 20
    outs:
    - path: models/clf-model.joblib
      md5: d67d88ba0e1116f817fb72a9aa44b660
      size: 5191344
  eval:
    cmd: python src/stages/eval.py --config=params.yaml
    deps:
    - path: data/processed
      md5: 9f384869826bdf146e6ff572c85d0d1e.dir
      size: 722258
      nfiles: 4
    - path: models/clf-model.joblib
      md5: d67d88ba0e1116f817fb72a9aa44b660
      size: 5191344
    - path: src/stages/eval.py
      md5: 5fd14b7ed03ce42369e2478c1095021f
      size: 2458
    params:
      params.yaml:
        base:
          project: bank_customer_churn
          raw_data_dir: data/raw
          countries:
          - France
          - Spain
          feat_cols:
          - CreditScore
          - Age
          - Tenure
          - Balance
          - NumOfProducts
          - HasCrCard
          - IsActiveMember
          - EstimatedSalary
          targ_col: Exited
          random_state: 42
        data_split:
          test_size: 0.25
          processed_data_dir: data/processed
        train:
          model_type: randomforest
          model_dir: models
          model_path: models/clf-model.joblib
          params:
            n_estimators: 50
            max_depth: 20
    outs:
    - path: metrics.json
      md5: c38755343a377f2aba660e2d22fa989e
      size: 67
    - path: reports/feat_imp.csv
      md5: 611c02c480d60d1bb98214cca8e516a4
      size: 185
    - path: reports/figures/cm.png
      md5: 82312835dba128e255085f7f65008581
      size: 10280
