schema: '2.0'
stages:
  data_split:
    cmd: python src/stages/data_split.py --config=params.yaml
    deps:
    - path: data/raw
      md5: b2043a4ab6ea2efbab8a899282a80556.dir
      size: 466827
      nfiles: 2
    - path: src/stages/data_split.py
      md5: aa8ad6b7934b99ce2ba16b8cf31db280
      size: 1441
    params:
      params.yaml:
        base:
          project: bank_customer_churn
          raw_data_dir: data/raw
          countries:
          - France
          - Spain
          feat_cols:
          - CreditScore
          - Age
          - Tenure
          - Balance
          - NumOfProducts
          - HasCrCard
          - IsActiveMember
          - EstimatedSalary
          targ_col: Exited
          random_state: 42
        data_split:
          test_size: 0.25
          processed_data_dir: data/processed
    outs:
    - path: data/processed
      md5: c07ed6d06f67cf681d527874bc0092d8.dir
      size: 722162
      nfiles: 4
  train:
    cmd: python src/stages/train.py --config=params.yaml
    deps:
    - path: data/processed
      md5: c07ed6d06f67cf681d527874bc0092d8.dir
      size: 722162
      nfiles: 4
    - path: src/stages/train.py
      md5: 19dc16bc43cee0b1297108a08674df11
      size: 2141
    params:
      params.yaml:
        base:
          project: bank_customer_churn
          raw_data_dir: data/raw
          countries:
          - France
          - Spain
          feat_cols:
          - CreditScore
          - Age
          - Tenure
          - Balance
          - NumOfProducts
          - HasCrCard
          - IsActiveMember
          - EstimatedSalary
          targ_col: Exited
          random_state: 42
        train:
          model_type: xgboost
          model_dir: models
          model_path: models/clf-model.joblib
          params:
            n_estimators: 110
            max_depth: 15
    outs:
    - path: models/clf-model.joblib
      md5: 99c21ff50b34b366e185b7bfb065fddf
      size: 839873
  eval:
    cmd: python src/stages/eval.py --config=params.yaml
    deps:
    - path: data/processed
      md5: c07ed6d06f67cf681d527874bc0092d8.dir
      size: 722162
      nfiles: 4
    - path: models/clf-model.joblib
      md5: 99c21ff50b34b366e185b7bfb065fddf
      size: 839873
    - path: src/stages/eval.py
      md5: 578a31a0f41c1b9bd9414baa81b4f131
      size: 2457
    params:
      params.yaml:
        base:
          project: bank_customer_churn
          raw_data_dir: data/raw
          countries:
          - France
          - Spain
          feat_cols:
          - CreditScore
          - Age
          - Tenure
          - Balance
          - NumOfProducts
          - HasCrCard
          - IsActiveMember
          - EstimatedSalary
          targ_col: Exited
          random_state: 42
        data_split:
          test_size: 0.25
          processed_data_dir: data/processed
        train:
          model_type: xgboost
          model_dir: models
          model_path: models/clf-model.joblib
          params:
            n_estimators: 110
            max_depth: 15
    outs:
    - path: metrics.json
      md5: cc5d6bf8454d186e20656fe7f03f3d29
      size: 67
    - path: reports/feat_imp.csv
      md5: 1a25c09ad944ef87756abe94648f54ab
      size: 187
    - path: reports/figures/cm.png
      md5: 1c08f8f451245ec6cfaf0ba5bb65e189
      size: 10408
